
Microsoft Visual Studio Solution File, Format Version 12.00
# Visual Studio Version 17
VisualStudioVersion = 17.12.35728.132
MinimumVisualStudioVersion = 10.0.40219.1
Project("{FAE04EC0-301F-11D3-BF4B-00C04F79EFBC}") = "Trizen.Presentation", "Trizen.Presentation\Trizen.Presentation.csproj", "{6B735215-8182-4E01-ADF8-06F21E844C19}"
EndProject
Project("{FAE04EC0-301F-11D3-BF4B-00C04F79EFBC}") = "Trizen.Application", "Trizen.Application\Trizen.Application.csproj", "{B336E9E5-BA23-49D0-AA9B-62972500BB8D}"
EndProject
Project("{FAE04EC0-301F-11D3-BF4B-00C04F79EFBC}") = "Trizen.DataLayer", "Trizen.DataLayer\Trizen.DataLayer.csproj", "{2DB7611D-5D2F-42AD-B94B-66A9B832D1FA}"
EndProject
Project("{FAE04EC0-301F-11D3-BF4B-00C04F79EFBC}") = "Trizen.Infrastructure", "Trizen.Infrastructure\Trizen.Infrastructure.csproj", "{267AEDB8-DE70-4BEB-A7D5-BD6174A64693}"
EndProject
Project("{FAE04EC0-301F-11D3-BF4B-00C04F79EFBC}") = "Trizen.Data", "Trizen.Data\Trizen.Data.csproj", "{AF61BC15-9AE5-4615-A6F5-EADCB0C03D5B}"
EndProject
Project("{FAE04EC0-301F-11D3-BF4B-00C04F79EFBC}") = "Trizen.Recommendation", "Trizen.Recommendation\Trizen.Recommendation.csproj", "{D396F043-1C69-48F3-A3A8-88CF2F6F36F5}"
EndProject
Project("{FAE04EC0-301F-11D3-BF4B-00C04F79EFBC}") = "Trizen.DataLayer.Test", "Trizen.DataLayer.Test\Trizen.DataLayer.Test.csproj", "{8E28DA34-1583-4156-9F98-F3D9FBE8B410}"
EndProject
Project("{FAE04EC0-301F-11D3-BF4B-00C04F79EFBC}") = "Trizen.Application.Test", "Trizen.Application.Test\Trizen.Application.Test.csproj", "{6B841C17-71EE-4369-A559-F3392E7D7E12}"
EndProject
Global
	GlobalSection(SolutionConfigurationPlatforms) = preSolution
		Debug|Any CPU = Debug|Any CPU
		Release|Any CPU = Release|Any CPU
	EndGlobalSection
	GlobalSection(ProjectConfigurationPlatforms) = postSolution
		{6B735215-8182-4E01-ADF8-06F21E844C19}.Debug|Any CPU.ActiveCfg = Debug|Any CPU
		{6B735215-8182-4E01-ADF8-06F21E844C19}.Debug|Any CPU.Build.0 = Debug|Any CPU
		{6B735215-8182-4E01-ADF8-06F21E844C19}.Release|Any CPU.ActiveCfg = Release|Any CPU
		{6B735215-8182-4E01-ADF8-06F21E844C19}.Release|Any CPU.Build.0 = Release|Any CPU
		{B336E9E5-BA23-49D0-AA9B-62972500BB8D}.Debug|Any CPU.ActiveCfg = Debug|Any CPU
		{B336E9E5-BA23-49D0-AA9B-62972500BB8D}.Debug|Any CPU.Build.0 = Debug|Any CPU
		{B336E9E5-BA23-49D0-AA9B-62972500BB8D}.Release|Any CPU.ActiveCfg = Release|Any CPU
		{B336E9E5-BA23-49D0-AA9B-62972500BB8D}.Release|Any CPU.Build.0 = Release|Any CPU
		{2DB7611D-5D2F-42AD-B94B-66A9B832D1FA}.Debug|Any CPU.ActiveCfg = Debug|Any CPU
		{2DB7611D-5D2F-42AD-B94B-66A9B832D1FA}.Debug|Any CPU.Build.0 = Debug|Any CPU
		{2DB7611D-5D2F-42AD-B94B-66A9B832D1FA}.Release|Any CPU.ActiveCfg = Release|Any CPU
		{2DB7611D-5D2F-42AD-B94B-66A9B832D1FA}.Release|Any CPU.Build.0 = Release|Any CPU
		{267AEDB8-DE70-4BEB-A7D5-BD6174A64693}.Debug|Any CPU.ActiveCfg = Debug|Any CPU
		{267AEDB8-DE70-4BEB-A7D5-BD6174A64693}.Debug|Any CPU.Build.0 = Debug|Any CPU
		{267AEDB8-DE70-4BEB-A7D5-BD6174A64693}.Release|Any CPU.ActiveCfg = Release|Any CPU
		{267AEDB8-DE70-4BEB-A7D5-BD6174A64693}.Release|Any CPU.Build.0 = Release|Any CPU
		{AF61BC15-9AE5-4615-A6F5-EADCB0C03D5B}.Debug|Any CPU.ActiveCfg = Debug|Any CPU
		{AF61BC15-9AE5-4615-A6F5-EADCB0C03D5B}.Debug|Any CPU.Build.0 = Debug|Any CPU
		{AF61BC15-9AE5-4615-A6F5-EADCB0C03D5B}.Release|Any CPU.ActiveCfg = Release|Any CPU
		{AF61BC15-9AE5-4615-A6F5-EADCB0C03D5B}.Release|Any CPU.Build.0 = Release|Any CPU
		{D396F043-1C69-48F3-A3A8-88CF2F6F36F5}.Debug|Any CPU.ActiveCfg = Debug|Any CPU
		{D396F043-1C69-48F3-A3A8-88CF2F6F36F5}.Debug|Any CPU.Build.0 = Debug|Any CPU
		{D396F043-1C69-48F3-A3A8-88CF2F6F36F5}.Release|Any CPU.ActiveCfg = Release|Any CPU
		{D396F043-1C69-48F3-A3A8-88CF2F6F36F5}.Release|Any CPU.Build.0 = Release|Any CPU
		{8E28DA34-1583-4156-9F98-F3D9FBE8B410}.Debug|Any CPU.ActiveCfg = Debug|Any CPU
		{8E28DA34-1583-4156-9F98-F3D9FBE8B410}.Debug|Any CPU.Build.0 = Debug|Any CPU
		{8E28DA34-1583-4156-9F98-F3D9FBE8B410}.Release|Any CPU.ActiveCfg = Release|Any CPU
		{8E28DA34-1583-4156-9F98-F3D9FBE8B410}.Release|Any CPU.Build.0 = Release|Any CPU
		{6B841C17-71EE-4369-A559-F3392E7D7E12}.Debug|Any CPU.ActiveCfg = Debug|Any CPU
		{6B841C17-71EE-4369-A559-F3392E7D7E12}.Debug|Any CPU.Build.0 = Debug|Any CPU
		{6B841C17-71EE-4369-A559-F3392E7D7E12}.Release|Any CPU.ActiveCfg = Release|Any CPU
		{6B841C17-71EE-4369-A559-F3392E7D7E12}.Release|Any CPU.Build.0 = Release|Any CPU
	EndGlobalSection
	GlobalSection(SolutionProperties) = preSolution
		HideSolutionNode = FALSE
	EndGlobalSection
EndGlobal
